PODS:
  - Alamofire (4.9.1)
  - Bolts/Tasks (1.9.1)
  - Parse (1.19.1):
    - Parse/Core (= 1.19.1)
  - Parse/Core (1.19.1):
    - Bolts/Tasks (= 1.9.1)

DEPENDENCIES:
  - Alamofire (~> 4.4)
  - Parse

SPEC REPOS:
  trunk:
    - Alamofire
    - Bolts
    - Parse

SPEC CHECKSUMS:
  Alamofire: 85e8a02c69d6020a0d734f6054870d7ecb75cf18
  Bolts: 8c1e8aab2f603387b8b9924f57d1d64f43d3ffdc
  Parse: e40fdb9c7d665823b7fe9865949cac9a53eb2ce7

PODFILE CHECKSUM: 28e3277339155274427c92eb93ae7dada51e146c

COCOAPODS: 1.9.3
